// !$*UTF8*$!
{
	archiveVersion = 1;
	classes = {
	};
	objectVersion = 56;
	objects = {

/* Begin PBXBuildFile section */
		34430D112CACC91700B484B0 /* ProductsLocalRepository.swift in Sources */ = {isa = PBXBuildFile; fileRef = 34430D102CACC91700B484B0 /* ProductsLocalRepository.swift */; };
		34430D132CACC95500B484B0 /* ProductsLocalRepositoryType.swift in Sources */ = {isa = PBXBuildFile; fileRef = 34430D122CACC95500B484B0 /* ProductsLocalRepositoryType.swift */; };
		34430D162CAD03F400B484B0 /* ProductCD+Mapping.swift in Sources */ = {isa = PBXBuildFile; fileRef = 34430D152CAD03F400B484B0 /* ProductCD+Mapping.swift */; };
		34430D192CAD050900B484B0 /* MapListViewController.swift in Sources */ = {isa = PBXBuildFile; fileRef = 34430D182CAD050900B484B0 /* MapListViewController.swift */; };
		34430D1B2CAD051700B484B0 /* MapListPresenter.swift in Sources */ = {isa = PBXBuildFile; fileRef = 34430D1A2CAD051700B484B0 /* MapListPresenter.swift */; };
		34430D1D2CAD052200B484B0 /* MapListInteractor.swift in Sources */ = {isa = PBXBuildFile; fileRef = 34430D1C2CAD052200B484B0 /* MapListInteractor.swift */; };
		34430D1F2CAD053800B484B0 /* MapListConfiguration.swift in Sources */ = {isa = PBXBuildFile; fileRef = 34430D1E2CAD053800B484B0 /* MapListConfiguration.swift */; };
		34430D212CAD054700B484B0 /* MapListTypes.swift in Sources */ = {isa = PBXBuildFile; fileRef = 34430D202CAD054700B484B0 /* MapListTypes.swift */; };
		34430D232CAD1DB500B484B0 /* FetchLocationsUseCase.swift in Sources */ = {isa = PBXBuildFile; fileRef = 34430D222CAD1DB500B484B0 /* FetchLocationsUseCase.swift */; };
		34430D252CAD1E1900B484B0 /* Location.swift in Sources */ = {isa = PBXBuildFile; fileRef = 34430D242CAD1E1900B484B0 /* Location.swift */; };
		34430D272CAD1F5C00B484B0 /* LocationsRepositoryType.swift in Sources */ = {isa = PBXBuildFile; fileRef = 34430D262CAD1F5C00B484B0 /* LocationsRepositoryType.swift */; };
		34430D292CAD1FC900B484B0 /* LocationsRepository.swift in Sources */ = {isa = PBXBuildFile; fileRef = 34430D282CAD1FC900B484B0 /* LocationsRepository.swift */; };
		34430D2B2CAD200B00B484B0 /* LocationDTO.swift in Sources */ = {isa = PBXBuildFile; fileRef = 34430D2A2CAD200B00B484B0 /* LocationDTO.swift */; };
		34430D2D2CAD20F100B484B0 /* LocationRequest.swift in Sources */ = {isa = PBXBuildFile; fileRef = 34430D2C2CAD20F100B484B0 /* LocationRequest.swift */; };
		34430D2F2CAD212600B484B0 /* LocationsRemoteDataSource.swift in Sources */ = {isa = PBXBuildFile; fileRef = 34430D2E2CAD212600B484B0 /* LocationsRemoteDataSource.swift */; };
		34FDAAA92CAC61780081FF19 /* AppDelegate.swift in Sources */ = {isa = PBXBuildFile; fileRef = 34FDAAA82CAC61780081FF19 /* AppDelegate.swift */; };
		34FDAAAB2CAC61780081FF19 /* SceneDelegate.swift in Sources */ = {isa = PBXBuildFile; fileRef = 34FDAAAA2CAC61780081FF19 /* SceneDelegate.swift */; };
		34FDAAB32CAC61780081FF19 /* walmart_cashi.xcdatamodeld in Sources */ = {isa = PBXBuildFile; fileRef = 34FDAAB12CAC61780081FF19 /* walmart_cashi.xcdatamodeld */; };
		34FDAAB52CAC617A0081FF19 /* Assets.xcassets in Resources */ = {isa = PBXBuildFile; fileRef = 34FDAAB42CAC617A0081FF19 /* Assets.xcassets */; };
		34FDAAB82CAC617A0081FF19 /* Base in Resources */ = {isa = PBXBuildFile; fileRef = 34FDAAB72CAC617A0081FF19 /* Base */; };
		34FDAAC32CAC617A0081FF19 /* walmart_cashiTests.swift in Sources */ = {isa = PBXBuildFile; fileRef = 34FDAAC22CAC617A0081FF19 /* walmart_cashiTests.swift */; };
		34FDAACD2CAC617A0081FF19 /* walmart_cashiUITests.swift in Sources */ = {isa = PBXBuildFile; fileRef = 34FDAACC2CAC617A0081FF19 /* walmart_cashiUITests.swift */; };
		34FDAACF2CAC617A0081FF19 /* walmart_cashiUITestsLaunchTests.swift in Sources */ = {isa = PBXBuildFile; fileRef = 34FDAACE2CAC617A0081FF19 /* walmart_cashiUITestsLaunchTests.swift */; };
		34FDAADD2CAC61BD0081FF19 /* EvenNumbers.swift in Sources */ = {isa = PBXBuildFile; fileRef = 34FDAADC2CAC61BD0081FF19 /* EvenNumbers.swift */; };
		34FDAAE42CAC68DE0081FF19 /* ApiRequest.swift in Sources */ = {isa = PBXBuildFile; fileRef = 34FDAAE32CAC68DE0081FF19 /* ApiRequest.swift */; };
		34FDAAE62CAC68FA0081FF19 /* AsyncRepositoryType.swift in Sources */ = {isa = PBXBuildFile; fileRef = 34FDAAE52CAC68FA0081FF19 /* AsyncRepositoryType.swift */; };
		34FDAAE82CAC69100081FF19 /* AsyncRepository.swift in Sources */ = {isa = PBXBuildFile; fileRef = 34FDAAE72CAC69100081FF19 /* AsyncRepository.swift */; };
		34FDAAEA2CAC69380081FF19 /* RequestMethod.swift in Sources */ = {isa = PBXBuildFile; fileRef = 34FDAAE92CAC69380081FF19 /* RequestMethod.swift */; };
		34FDAAEC2CAC697E0081FF19 /* NetworkError.swift in Sources */ = {isa = PBXBuildFile; fileRef = 34FDAAEB2CAC697E0081FF19 /* NetworkError.swift */; };
		34FDAAF22CAC716E0081FF19 /* ProductsRemoteDataSource.swift in Sources */ = {isa = PBXBuildFile; fileRef = 34FDAAF12CAC716E0081FF19 /* ProductsRemoteDataSource.swift */; };
		34FDAAF42CAC71830081FF19 /* ProductsRequest.swift in Sources */ = {isa = PBXBuildFile; fileRef = 34FDAAF32CAC71830081FF19 /* ProductsRequest.swift */; };
		34FDAAF62CAC73010081FF19 /* ProductDTO.swift in Sources */ = {isa = PBXBuildFile; fileRef = 34FDAAF52CAC73010081FF19 /* ProductDTO.swift */; };
		34FDAAFB2CAC74C00081FF19 /* ProductsRepository.swift in Sources */ = {isa = PBXBuildFile; fileRef = 34FDAAFA2CAC74C00081FF19 /* ProductsRepository.swift */; };
		34FDAAFD2CAC759F0081FF19 /* ProductsRepositoryType.swift in Sources */ = {isa = PBXBuildFile; fileRef = 34FDAAFC2CAC759F0081FF19 /* ProductsRepositoryType.swift */; };
		34FDAAFF2CAC75D30081FF19 /* Product.swift in Sources */ = {isa = PBXBuildFile; fileRef = 34FDAAFE2CAC75D30081FF19 /* Product.swift */; };
		34FDAB012CAC79370081FF19 /* FetchProductsUseCase.swift in Sources */ = {isa = PBXBuildFile; fileRef = 34FDAB002CAC79370081FF19 /* FetchProductsUseCase.swift */; };
		34FDAB052CAC7AE80081FF19 /* ProductsListViewController.swift in Sources */ = {isa = PBXBuildFile; fileRef = 34FDAB042CAC7AE80081FF19 /* ProductsListViewController.swift */; };
		34FDAB072CAC7BE50081FF19 /* ProductsListPresenter.swift in Sources */ = {isa = PBXBuildFile; fileRef = 34FDAB062CAC7BE50081FF19 /* ProductsListPresenter.swift */; };
		34FDAB092CAC7BF90081FF19 /* ProductsListInteractor.swift in Sources */ = {isa = PBXBuildFile; fileRef = 34FDAB082CAC7BF90081FF19 /* ProductsListInteractor.swift */; };
		34FDAB0B2CAC7C230081FF19 /* ProductsListConfiguration.swift in Sources */ = {isa = PBXBuildFile; fileRef = 34FDAB0A2CAC7C230081FF19 /* ProductsListConfiguration.swift */; };
		34FDAB0D2CAC7C3C0081FF19 /* ProductsListTypes.swift in Sources */ = {isa = PBXBuildFile; fileRef = 34FDAB0C2CAC7C3C0081FF19 /* ProductsListTypes.swift */; };
		34FDAB102CAC819B0081FF19 /* ProductTableViewCell.swift in Sources */ = {isa = PBXBuildFile; fileRef = 34FDAB0F2CAC819B0081FF19 /* ProductTableViewCell.swift */; };
		34FDAB302CACC2B90081FF19 /* CoreDataLocalStorage.swift in Sources */ = {isa = PBXBuildFile; fileRef = 34FDAB2F2CACC2B90081FF19 /* CoreDataLocalStorage.swift */; };
		34FDAB322CACC6960081FF19 /* ProductsLocalDataSource.swift in Sources */ = {isa = PBXBuildFile; fileRef = 34FDAB312CACC6960081FF19 /* ProductsLocalDataSource.swift */; };
/* End PBXBuildFile section */

/* Begin PBXContainerItemProxy section */
		34FDAABF2CAC617A0081FF19 /* PBXContainerItemProxy */ = {
			isa = PBXContainerItemProxy;
			containerPortal = 34FDAA9D2CAC61780081FF19 /* Project object */;
			proxyType = 1;
			remoteGlobalIDString = 34FDAAA42CAC61780081FF19;
			remoteInfo = "walmart cashi";
		};
		34FDAAC92CAC617A0081FF19 /* PBXContainerItemProxy */ = {
			isa = PBXContainerItemProxy;
			containerPortal = 34FDAA9D2CAC61780081FF19 /* Project object */;
			proxyType = 1;
			remoteGlobalIDString = 34FDAAA42CAC61780081FF19;
			remoteInfo = "walmart cashi";
		};
/* End PBXContainerItemProxy section */

/* Begin PBXFileReference section */
		34430D102CACC91700B484B0 /* ProductsLocalRepository.swift */ = {isa = PBXFileReference; lastKnownFileType = sourcecode.swift; path = ProductsLocalRepository.swift; sourceTree = "<group>"; };
		34430D122CACC95500B484B0 /* ProductsLocalRepositoryType.swift */ = {isa = PBXFileReference; lastKnownFileType = sourcecode.swift; path = ProductsLocalRepositoryType.swift; sourceTree = "<group>"; };
		34430D152CAD03F400B484B0 /* ProductCD+Mapping.swift */ = {isa = PBXFileReference; lastKnownFileType = sourcecode.swift; path = "ProductCD+Mapping.swift"; sourceTree = "<group>"; };
		34430D182CAD050900B484B0 /* MapListViewController.swift */ = {isa = PBXFileReference; lastKnownFileType = sourcecode.swift; path = MapListViewController.swift; sourceTree = "<group>"; };
		34430D1A2CAD051700B484B0 /* MapListPresenter.swift */ = {isa = PBXFileReference; lastKnownFileType = sourcecode.swift; path = MapListPresenter.swift; sourceTree = "<group>"; };
		34430D1C2CAD052200B484B0 /* MapListInteractor.swift */ = {isa = PBXFileReference; lastKnownFileType = sourcecode.swift; path = MapListInteractor.swift; sourceTree = "<group>"; };
		34430D1E2CAD053800B484B0 /* MapListConfiguration.swift */ = {isa = PBXFileReference; lastKnownFileType = sourcecode.swift; path = MapListConfiguration.swift; sourceTree = "<group>"; };
		34430D202CAD054700B484B0 /* MapListTypes.swift */ = {isa = PBXFileReference; lastKnownFileType = sourcecode.swift; path = MapListTypes.swift; sourceTree = "<group>"; };
		34430D222CAD1DB500B484B0 /* FetchLocationsUseCase.swift */ = {isa = PBXFileReference; lastKnownFileType = sourcecode.swift; path = FetchLocationsUseCase.swift; sourceTree = "<group>"; };
		34430D242CAD1E1900B484B0 /* Location.swift */ = {isa = PBXFileReference; lastKnownFileType = sourcecode.swift; path = Location.swift; sourceTree = "<group>"; };
		34430D262CAD1F5C00B484B0 /* LocationsRepositoryType.swift */ = {isa = PBXFileReference; lastKnownFileType = sourcecode.swift; path = LocationsRepositoryType.swift; sourceTree = "<group>"; };
		34430D282CAD1FC900B484B0 /* LocationsRepository.swift */ = {isa = PBXFileReference; lastKnownFileType = sourcecode.swift; path = LocationsRepository.swift; sourceTree = "<group>"; };
		34430D2A2CAD200B00B484B0 /* LocationDTO.swift */ = {isa = PBXFileReference; lastKnownFileType = sourcecode.swift; path = LocationDTO.swift; sourceTree = "<group>"; };
		34430D2C2CAD20F100B484B0 /* LocationRequest.swift */ = {isa = PBXFileReference; lastKnownFileType = sourcecode.swift; path = LocationRequest.swift; sourceTree = "<group>"; };
		34430D2E2CAD212600B484B0 /* LocationsRemoteDataSource.swift */ = {isa = PBXFileReference; lastKnownFileType = sourcecode.swift; path = LocationsRemoteDataSource.swift; sourceTree = "<group>"; };
		34FDAAA52CAC61780081FF19 /* walmart cashi.app */ = {isa = PBXFileReference; explicitFileType = wrapper.application; includeInIndex = 0; path = "walmart cashi.app"; sourceTree = BUILT_PRODUCTS_DIR; };
		34FDAAA82CAC61780081FF19 /* AppDelegate.swift */ = {isa = PBXFileReference; lastKnownFileType = sourcecode.swift; path = AppDelegate.swift; sourceTree = "<group>"; };
		34FDAAAA2CAC61780081FF19 /* SceneDelegate.swift */ = {isa = PBXFileReference; lastKnownFileType = sourcecode.swift; path = SceneDelegate.swift; sourceTree = "<group>"; };
		34FDAAB22CAC61780081FF19 /* walmart_cashi.xcdatamodel */ = {isa = PBXFileReference; lastKnownFileType = wrapper.xcdatamodel; path = walmart_cashi.xcdatamodel; sourceTree = "<group>"; };
		34FDAAB42CAC617A0081FF19 /* Assets.xcassets */ = {isa = PBXFileReference; lastKnownFileType = folder.assetcatalog; path = Assets.xcassets; sourceTree = "<group>"; };
		34FDAAB72CAC617A0081FF19 /* Base */ = {isa = PBXFileReference; lastKnownFileType = file.storyboard; name = Base; path = Base.lproj/LaunchScreen.storyboard; sourceTree = "<group>"; };
		34FDAAB92CAC617A0081FF19 /* Info.plist */ = {isa = PBXFileReference; lastKnownFileType = text.plist.xml; path = Info.plist; sourceTree = "<group>"; };
		34FDAABE2CAC617A0081FF19 /* walmart cashiTests.xctest */ = {isa = PBXFileReference; explicitFileType = wrapper.cfbundle; includeInIndex = 0; path = "walmart cashiTests.xctest"; sourceTree = BUILT_PRODUCTS_DIR; };
		34FDAAC22CAC617A0081FF19 /* walmart_cashiTests.swift */ = {isa = PBXFileReference; lastKnownFileType = sourcecode.swift; path = walmart_cashiTests.swift; sourceTree = "<group>"; };
		34FDAAC82CAC617A0081FF19 /* walmart cashiUITests.xctest */ = {isa = PBXFileReference; explicitFileType = wrapper.cfbundle; includeInIndex = 0; path = "walmart cashiUITests.xctest"; sourceTree = BUILT_PRODUCTS_DIR; };
		34FDAACC2CAC617A0081FF19 /* walmart_cashiUITests.swift */ = {isa = PBXFileReference; lastKnownFileType = sourcecode.swift; path = walmart_cashiUITests.swift; sourceTree = "<group>"; };
		34FDAACE2CAC617A0081FF19 /* walmart_cashiUITestsLaunchTests.swift */ = {isa = PBXFileReference; lastKnownFileType = sourcecode.swift; path = walmart_cashiUITestsLaunchTests.swift; sourceTree = "<group>"; };
		34FDAADC2CAC61BD0081FF19 /* EvenNumbers.swift */ = {isa = PBXFileReference; lastKnownFileType = sourcecode.swift; path = EvenNumbers.swift; sourceTree = "<group>"; };
		34FDAAE32CAC68DE0081FF19 /* ApiRequest.swift */ = {isa = PBXFileReference; lastKnownFileType = sourcecode.swift; path = ApiRequest.swift; sourceTree = "<group>"; };
		34FDAAE52CAC68FA0081FF19 /* AsyncRepositoryType.swift */ = {isa = PBXFileReference; lastKnownFileType = sourcecode.swift; path = AsyncRepositoryType.swift; sourceTree = "<group>"; };
		34FDAAE72CAC69100081FF19 /* AsyncRepository.swift */ = {isa = PBXFileReference; lastKnownFileType = sourcecode.swift; path = AsyncRepository.swift; sourceTree = "<group>"; };
		34FDAAE92CAC69380081FF19 /* RequestMethod.swift */ = {isa = PBXFileReference; lastKnownFileType = sourcecode.swift; path = RequestMethod.swift; sourceTree = "<group>"; };
		34FDAAEB2CAC697E0081FF19 /* NetworkError.swift */ = {isa = PBXFileReference; lastKnownFileType = sourcecode.swift; path = NetworkError.swift; sourceTree = "<group>"; };
		34FDAAF12CAC716E0081FF19 /* ProductsRemoteDataSource.swift */ = {isa = PBXFileReference; lastKnownFileType = sourcecode.swift; path = ProductsRemoteDataSource.swift; sourceTree = "<group>"; };
		34FDAAF32CAC71830081FF19 /* ProductsRequest.swift */ = {isa = PBXFileReference; lastKnownFileType = sourcecode.swift; path = ProductsRequest.swift; sourceTree = "<group>"; };
		34FDAAF52CAC73010081FF19 /* ProductDTO.swift */ = {isa = PBXFileReference; lastKnownFileType = sourcecode.swift; path = ProductDTO.swift; sourceTree = "<group>"; };
		34FDAAFA2CAC74C00081FF19 /* ProductsRepository.swift */ = {isa = PBXFileReference; lastKnownFileType = sourcecode.swift; path = ProductsRepository.swift; sourceTree = "<group>"; };
		34FDAAFC2CAC759F0081FF19 /* ProductsRepositoryType.swift */ = {isa = PBXFileReference; lastKnownFileType = sourcecode.swift; path = ProductsRepositoryType.swift; sourceTree = "<group>"; };
		34FDAAFE2CAC75D30081FF19 /* Product.swift */ = {isa = PBXFileReference; lastKnownFileType = sourcecode.swift; path = Product.swift; sourceTree = "<group>"; };
		34FDAB002CAC79370081FF19 /* FetchProductsUseCase.swift */ = {isa = PBXFileReference; lastKnownFileType = sourcecode.swift; path = FetchProductsUseCase.swift; sourceTree = "<group>"; };
		34FDAB042CAC7AE80081FF19 /* ProductsListViewController.swift */ = {isa = PBXFileReference; lastKnownFileType = sourcecode.swift; path = ProductsListViewController.swift; sourceTree = "<group>"; };
		34FDAB062CAC7BE50081FF19 /* ProductsListPresenter.swift */ = {isa = PBXFileReference; lastKnownFileType = sourcecode.swift; path = ProductsListPresenter.swift; sourceTree = "<group>"; };
		34FDAB082CAC7BF90081FF19 /* ProductsListInteractor.swift */ = {isa = PBXFileReference; lastKnownFileType = sourcecode.swift; path = ProductsListInteractor.swift; sourceTree = "<group>"; };
		34FDAB0A2CAC7C230081FF19 /* ProductsListConfiguration.swift */ = {isa = PBXFileReference; lastKnownFileType = sourcecode.swift; path = ProductsListConfiguration.swift; sourceTree = "<group>"; };
		34FDAB0C2CAC7C3C0081FF19 /* ProductsListTypes.swift */ = {isa = PBXFileReference; lastKnownFileType = sourcecode.swift; path = ProductsListTypes.swift; sourceTree = "<group>"; };
		34FDAB0F2CAC819B0081FF19 /* ProductTableViewCell.swift */ = {isa = PBXFileReference; lastKnownFileType = sourcecode.swift; path = ProductTableViewCell.swift; sourceTree = "<group>"; };
		34FDAB2F2CACC2B90081FF19 /* CoreDataLocalStorage.swift */ = {isa = PBXFileReference; lastKnownFileType = sourcecode.swift; path = CoreDataLocalStorage.swift; sourceTree = "<group>"; };
		34FDAB312CACC6960081FF19 /* ProductsLocalDataSource.swift */ = {isa = PBXFileReference; lastKnownFileType = sourcecode.swift; path = ProductsLocalDataSource.swift; sourceTree = "<group>"; };
/* End PBXFileReference section */

/* Begin PBXFrameworksBuildPhase section */
		34FDAAA22CAC61780081FF19 /* Frameworks */ = {
			isa = PBXFrameworksBuildPhase;
			buildActionMask = 2147483647;
			files = (
			);
			runOnlyForDeploymentPostprocessing = 0;
		};
		34FDAABB2CAC617A0081FF19 /* Frameworks */ = {
			isa = PBXFrameworksBuildPhase;
			buildActionMask = 2147483647;
			files = (
			);
			runOnlyForDeploymentPostprocessing = 0;
		};
		34FDAAC52CAC617A0081FF19 /* Frameworks */ = {
			isa = PBXFrameworksBuildPhase;
			buildActionMask = 2147483647;
			files = (
			);
			runOnlyForDeploymentPostprocessing = 0;
		};
/* End PBXFrameworksBuildPhase section */

/* Begin PBXGroup section */
		34430D142CAD03DC00B484B0 /* Entities */ = {
			isa = PBXGroup;
			children = (
				34430D152CAD03F400B484B0 /* ProductCD+Mapping.swift */,
			);
			path = Entities;
			sourceTree = "<group>";
		};
		34430D172CAD04E600B484B0 /* MapList */ = {
			isa = PBXGroup;
			children = (
				34430D182CAD050900B484B0 /* MapListViewController.swift */,
				34430D1A2CAD051700B484B0 /* MapListPresenter.swift */,
				34430D1C2CAD052200B484B0 /* MapListInteractor.swift */,
				34430D1E2CAD053800B484B0 /* MapListConfiguration.swift */,
				34430D202CAD054700B484B0 /* MapListTypes.swift */,
			);
			path = MapList;
			sourceTree = "<group>";
		};
		34FDAA9C2CAC61780081FF19 = {
			isa = PBXGroup;
			children = (
				34FDAAA72CAC61780081FF19 /* walmart cashi */,
				34FDAAC12CAC617A0081FF19 /* walmart cashiTests */,
				34FDAACB2CAC617A0081FF19 /* walmart cashiUITests */,
				34FDAAA62CAC61780081FF19 /* Products */,
			);
			sourceTree = "<group>";
		};
		34FDAAA62CAC61780081FF19 /* Products */ = {
			isa = PBXGroup;
			children = (
				34FDAAA52CAC61780081FF19 /* walmart cashi.app */,
				34FDAABE2CAC617A0081FF19 /* walmart cashiTests.xctest */,
				34FDAAC82CAC617A0081FF19 /* walmart cashiUITests.xctest */,
			);
			name = Products;
			sourceTree = "<group>";
		};
		34FDAAA72CAC61780081FF19 /* walmart cashi */ = {
			isa = PBXGroup;
			children = (
				34FDAAE12CAC68220081FF19 /* Infrastructure */,
				34FDAAE02CAC67970081FF19 /* Presentation */,
				34FDAADF2CAC678A0081FF19 /* Data */,
				34FDAADE2CAC67780081FF19 /* Domain */,
				34FDAADB2CAC618F0081FF19 /* Exercise1 */,
				34FDAAA82CAC61780081FF19 /* AppDelegate.swift */,
				34FDAAAA2CAC61780081FF19 /* SceneDelegate.swift */,
				34FDAAB42CAC617A0081FF19 /* Assets.xcassets */,
				34FDAAB62CAC617A0081FF19 /* LaunchScreen.storyboard */,
				34FDAAB92CAC617A0081FF19 /* Info.plist */,
			);
			path = "walmart cashi";
			sourceTree = "<group>";
		};
		34FDAAC12CAC617A0081FF19 /* walmart cashiTests */ = {
			isa = PBXGroup;
			children = (
				34FDAAC22CAC617A0081FF19 /* walmart_cashiTests.swift */,
			);
			path = "walmart cashiTests";
			sourceTree = "<group>";
		};
		34FDAACB2CAC617A0081FF19 /* walmart cashiUITests */ = {
			isa = PBXGroup;
			children = (
				34FDAACC2CAC617A0081FF19 /* walmart_cashiUITests.swift */,
				34FDAACE2CAC617A0081FF19 /* walmart_cashiUITestsLaunchTests.swift */,
			);
			path = "walmart cashiUITests";
			sourceTree = "<group>";
		};
		34FDAADB2CAC618F0081FF19 /* Exercise1 */ = {
			isa = PBXGroup;
			children = (
				34FDAADC2CAC61BD0081FF19 /* EvenNumbers.swift */,
			);
			path = Exercise1;
			sourceTree = "<group>";
		};
		34FDAADE2CAC67780081FF19 /* Domain */ = {
			isa = PBXGroup;
			children = (
				34FDAAF72CAC74510081FF19 /* UseCases */,
				34FDAAF92CAC74640081FF19 /* Entities */,
				34FDAAF82CAC745A0081FF19 /* Repositories */,
			);
			path = Domain;
			sourceTree = "<group>";
		};
		34FDAADF2CAC678A0081FF19 /* Data */ = {
			isa = PBXGroup;
			children = (
				34FDAAEE2CAC6FFD0081FF19 /* Repositories */,
				34FDAAED2CAC6FF20081FF19 /* RemoteDataSource */,
				34FDAB112CACAD140081FF19 /* LocalDataSource */,
			);
			path = Data;
			sourceTree = "<group>";
		};
		34FDAAE02CAC67970081FF19 /* Presentation */ = {
			isa = PBXGroup;
			children = (
				34430D172CAD04E600B484B0 /* MapList */,
				34FDAB022CAC7A900081FF19 /* ProductsList */,
			);
			path = Presentation;
			sourceTree = "<group>";
		};
		34FDAAE12CAC68220081FF19 /* Infrastructure */ = {
			isa = PBXGroup;
			children = (
				34FDAB132CACAEC60081FF19 /* LocalStorage */,
				34FDAAE22CAC68BC0081FF19 /* Network */,
			);
			path = Infrastructure;
			sourceTree = "<group>";
		};
		34FDAAE22CAC68BC0081FF19 /* Network */ = {
			isa = PBXGroup;
			children = (
				34FDAAE32CAC68DE0081FF19 /* ApiRequest.swift */,
				34FDAAE52CAC68FA0081FF19 /* AsyncRepositoryType.swift */,
				34FDAAE72CAC69100081FF19 /* AsyncRepository.swift */,
				34FDAAE92CAC69380081FF19 /* RequestMethod.swift */,
				34FDAAEB2CAC697E0081FF19 /* NetworkError.swift */,
			);
			path = Network;
			sourceTree = "<group>";
		};
		34FDAAED2CAC6FF20081FF19 /* RemoteDataSource */ = {
			isa = PBXGroup;
			children = (
				34FDAAF32CAC71830081FF19 /* ProductsRequest.swift */,
				34FDAAF12CAC716E0081FF19 /* ProductsRemoteDataSource.swift */,
				34430D2C2CAD20F100B484B0 /* LocationRequest.swift */,
				34430D2E2CAD212600B484B0 /* LocationsRemoteDataSource.swift */,
				34FDAAF02CAC70FB0081FF19 /* DTOs */,
			);
			path = RemoteDataSource;
			sourceTree = "<group>";
		};
		34FDAAEE2CAC6FFD0081FF19 /* Repositories */ = {
			isa = PBXGroup;
			children = (
				34FDAAFA2CAC74C00081FF19 /* ProductsRepository.swift */,
				34430D102CACC91700B484B0 /* ProductsLocalRepository.swift */,
				34430D282CAD1FC900B484B0 /* LocationsRepository.swift */,
			);
			path = Repositories;
			sourceTree = "<group>";
		};
		34FDAAF02CAC70FB0081FF19 /* DTOs */ = {
			isa = PBXGroup;
			children = (
				34FDAAF52CAC73010081FF19 /* ProductDTO.swift */,
				34430D2A2CAD200B00B484B0 /* LocationDTO.swift */,
			);
			path = DTOs;
			sourceTree = "<group>";
		};
		34FDAAF72CAC74510081FF19 /* UseCases */ = {
			isa = PBXGroup;
			children = (
				34FDAB002CAC79370081FF19 /* FetchProductsUseCase.swift */,
				34430D222CAD1DB500B484B0 /* FetchLocationsUseCase.swift */,
			);
			path = UseCases;
			sourceTree = "<group>";
		};
		34FDAAF82CAC745A0081FF19 /* Repositories */ = {
			isa = PBXGroup;
			children = (
				34FDAAFC2CAC759F0081FF19 /* ProductsRepositoryType.swift */,
				34430D122CACC95500B484B0 /* ProductsLocalRepositoryType.swift */,
				34430D262CAD1F5C00B484B0 /* LocationsRepositoryType.swift */,
			);
			path = Repositories;
			sourceTree = "<group>";
		};
		34FDAAF92CAC74640081FF19 /* Entities */ = {
			isa = PBXGroup;
			children = (
				34FDAAFE2CAC75D30081FF19 /* Product.swift */,
				34430D242CAD1E1900B484B0 /* Location.swift */,
			);
			path = Entities;
			sourceTree = "<group>";
		};
		34FDAB022CAC7A900081FF19 /* ProductsList */ = {
			isa = PBXGroup;
			children = (
				34FDAB0E2CAC817E0081FF19 /* Cells */,
				34FDAB042CAC7AE80081FF19 /* ProductsListViewController.swift */,
				34FDAB062CAC7BE50081FF19 /* ProductsListPresenter.swift */,
				34FDAB082CAC7BF90081FF19 /* ProductsListInteractor.swift */,
				34FDAB0A2CAC7C230081FF19 /* ProductsListConfiguration.swift */,
				34FDAB0C2CAC7C3C0081FF19 /* ProductsListTypes.swift */,
			);
			path = ProductsList;
			sourceTree = "<group>";
		};
		34FDAB0E2CAC817E0081FF19 /* Cells */ = {
			isa = PBXGroup;
			children = (
				34FDAB0F2CAC819B0081FF19 /* ProductTableViewCell.swift */,
			);
			path = Cells;
			sourceTree = "<group>";
		};
		34FDAB112CACAD140081FF19 /* LocalDataSource */ = {
			isa = PBXGroup;
			children = (
				34430D142CAD03DC00B484B0 /* Entities */,
				34FDAB312CACC6960081FF19 /* ProductsLocalDataSource.swift */,
			);
			path = LocalDataSource;
			sourceTree = "<group>";
		};
		34FDAB132CACAEC60081FF19 /* LocalStorage */ = {
			isa = PBXGroup;
			children = (
				34FDAB2F2CACC2B90081FF19 /* CoreDataLocalStorage.swift */,
				34FDAAB12CAC61780081FF19 /* walmart_cashi.xcdatamodeld */,
			);
			path = LocalStorage;
			sourceTree = "<group>";
		};
/* End PBXGroup section */

/* Begin PBXNativeTarget section */
		34FDAAA42CAC61780081FF19 /* walmart cashi */ = {
			isa = PBXNativeTarget;
			buildConfigurationList = 34FDAAD22CAC617A0081FF19 /* Build configuration list for PBXNativeTarget "walmart cashi" */;
			buildPhases = (
				34FDAAA12CAC61780081FF19 /* Sources */,
				34FDAAA22CAC61780081FF19 /* Frameworks */,
				34FDAAA32CAC61780081FF19 /* Resources */,
			);
			buildRules = (
			);
			dependencies = (
			);
			name = "walmart cashi";
			productName = "walmart cashi";
			productReference = 34FDAAA52CAC61780081FF19 /* walmart cashi.app */;
			productType = "com.apple.product-type.application";
		};
		34FDAABD2CAC617A0081FF19 /* walmart cashiTests */ = {
			isa = PBXNativeTarget;
			buildConfigurationList = 34FDAAD52CAC617A0081FF19 /* Build configuration list for PBXNativeTarget "walmart cashiTests" */;
			buildPhases = (
				34FDAABA2CAC617A0081FF19 /* Sources */,
				34FDAABB2CAC617A0081FF19 /* Frameworks */,
				34FDAABC2CAC617A0081FF19 /* Resources */,
			);
			buildRules = (
			);
			dependencies = (
				34FDAAC02CAC617A0081FF19 /* PBXTargetDependency */,
			);
			name = "walmart cashiTests";
			productName = "walmart cashiTests";
			productReference = 34FDAABE2CAC617A0081FF19 /* walmart cashiTests.xctest */;
			productType = "com.apple.product-type.bundle.unit-test";
		};
		34FDAAC72CAC617A0081FF19 /* walmart cashiUITests */ = {
			isa = PBXNativeTarget;
			buildConfigurationList = 34FDAAD82CAC617A0081FF19 /* Build configuration list for PBXNativeTarget "walmart cashiUITests" */;
			buildPhases = (
				34FDAAC42CAC617A0081FF19 /* Sources */,
				34FDAAC52CAC617A0081FF19 /* Frameworks */,
				34FDAAC62CAC617A0081FF19 /* Resources */,
			);
			buildRules = (
			);
			dependencies = (
				34FDAACA2CAC617A0081FF19 /* PBXTargetDependency */,
			);
			name = "walmart cashiUITests";
			productName = "walmart cashiUITests";
			productReference = 34FDAAC82CAC617A0081FF19 /* walmart cashiUITests.xctest */;
			productType = "com.apple.product-type.bundle.ui-testing";
		};
/* End PBXNativeTarget section */

/* Begin PBXProject section */
		34FDAA9D2CAC61780081FF19 /* Project object */ = {
			isa = PBXProject;
			attributes = {
				BuildIndependentTargetsInParallel = 1;
				LastSwiftUpdateCheck = 1540;
				LastUpgradeCheck = 1540;
				TargetAttributes = {
					34FDAAA42CAC61780081FF19 = {
						CreatedOnToolsVersion = 15.4;
					};
					34FDAABD2CAC617A0081FF19 = {
						CreatedOnToolsVersion = 15.4;
						TestTargetID = 34FDAAA42CAC61780081FF19;
					};
					34FDAAC72CAC617A0081FF19 = {
						CreatedOnToolsVersion = 15.4;
						TestTargetID = 34FDAAA42CAC61780081FF19;
					};
				};
			};
			buildConfigurationList = 34FDAAA02CAC61780081FF19 /* Build configuration list for PBXProject "walmart cashi" */;
			compatibilityVersion = "Xcode 14.0";
			developmentRegion = en;
			hasScannedForEncodings = 0;
			knownRegions = (
				en,
				Base,
			);
			mainGroup = 34FDAA9C2CAC61780081FF19;
			productRefGroup = 34FDAAA62CAC61780081FF19 /* Products */;
			projectDirPath = "";
			projectRoot = "";
			targets = (
				34FDAAA42CAC61780081FF19 /* walmart cashi */,
				34FDAABD2CAC617A0081FF19 /* walmart cashiTests */,
				34FDAAC72CAC617A0081FF19 /* walmart cashiUITests */,
			);
		};
/* End PBXProject section */

/* Begin PBXResourcesBuildPhase section */
		34FDAAA32CAC61780081FF19 /* Resources */ = {
			isa = PBXResourcesBuildPhase;
			buildActionMask = 2147483647;
			files = (
				34FDAAB52CAC617A0081FF19 /* Assets.xcassets in Resources */,
				34FDAAB82CAC617A0081FF19 /* Base in Resources */,
			);
			runOnlyForDeploymentPostprocessing = 0;
		};
		34FDAABC2CAC617A0081FF19 /* Resources */ = {
			isa = PBXResourcesBuildPhase;
			buildActionMask = 2147483647;
			files = (
			);
			runOnlyForDeploymentPostprocessing = 0;
		};
		34FDAAC62CAC617A0081FF19 /* Resources */ = {
			isa = PBXResourcesBuildPhase;
			buildActionMask = 2147483647;
			files = (
			);
			runOnlyForDeploymentPostprocessing = 0;
		};
/* End PBXResourcesBuildPhase section */

/* Begin PBXSourcesBuildPhase section */
		34FDAAA12CAC61780081FF19 /* Sources */ = {
			isa = PBXSourcesBuildPhase;
			buildActionMask = 2147483647;
			files = (
				34FDAAE62CAC68FA0081FF19 /* AsyncRepositoryType.swift in Sources */,
				34FDAAF42CAC71830081FF19 /* ProductsRequest.swift in Sources */,
				34FDAAF62CAC73010081FF19 /* ProductDTO.swift in Sources */,
				34FDAB0B2CAC7C230081FF19 /* ProductsListConfiguration.swift in Sources */,
				34430D292CAD1FC900B484B0 /* LocationsRepository.swift in Sources */,
				34FDAB072CAC7BE50081FF19 /* ProductsListPresenter.swift in Sources */,
				34FDAB322CACC6960081FF19 /* ProductsLocalDataSource.swift in Sources */,
				34430D132CACC95500B484B0 /* ProductsLocalRepositoryType.swift in Sources */,
				34FDAB302CACC2B90081FF19 /* CoreDataLocalStorage.swift in Sources */,
				34430D2F2CAD212600B484B0 /* LocationsRemoteDataSource.swift in Sources */,
				34FDAAFD2CAC759F0081FF19 /* ProductsRepositoryType.swift in Sources */,
				34430D272CAD1F5C00B484B0 /* LocationsRepositoryType.swift in Sources */,
				34FDAB012CAC79370081FF19 /* FetchProductsUseCase.swift in Sources */,
				34FDAAF22CAC716E0081FF19 /* ProductsRemoteDataSource.swift in Sources */,
				34430D232CAD1DB500B484B0 /* FetchLocationsUseCase.swift in Sources */,
				34430D162CAD03F400B484B0 /* ProductCD+Mapping.swift in Sources */,
				34FDAB102CAC819B0081FF19 /* ProductTableViewCell.swift in Sources */,
				34FDAADD2CAC61BD0081FF19 /* EvenNumbers.swift in Sources */,
				34FDAB052CAC7AE80081FF19 /* ProductsListViewController.swift in Sources */,
				34430D1B2CAD051700B484B0 /* MapListPresenter.swift in Sources */,
				34FDAAE42CAC68DE0081FF19 /* ApiRequest.swift in Sources */,
				34430D1D2CAD052200B484B0 /* MapListInteractor.swift in Sources */,
				34FDAAB32CAC61780081FF19 /* walmart_cashi.xcdatamodeld in Sources */,
				34430D2D2CAD20F100B484B0 /* LocationRequest.swift in Sources */,
				34FDAAFF2CAC75D30081FF19 /* Product.swift in Sources */,
				34FDAAA92CAC61780081FF19 /* AppDelegate.swift in Sources */,
				34430D252CAD1E1900B484B0 /* Location.swift in Sources */,
				34FDAAFB2CAC74C00081FF19 /* ProductsRepository.swift in Sources */,
				34FDAAE82CAC69100081FF19 /* AsyncRepository.swift in Sources */,
				34430D1F2CAD053800B484B0 /* MapListConfiguration.swift in Sources */,
				34430D2B2CAD200B00B484B0 /* LocationDTO.swift in Sources */,
				34FDAAEA2CAC69380081FF19 /* RequestMethod.swift in Sources */,
				34FDAAAB2CAC61780081FF19 /* SceneDelegate.swift in Sources */,
				34430D192CAD050900B484B0 /* MapListViewController.swift in Sources */,
				34430D112CACC91700B484B0 /* ProductsLocalRepository.swift in Sources */,
				34430D212CAD054700B484B0 /* MapListTypes.swift in Sources */,
				34FDAB092CAC7BF90081FF19 /* ProductsListInteractor.swift in Sources */,
				34FDAAEC2CAC697E0081FF19 /* NetworkError.swift in Sources */,
				34FDAB0D2CAC7C3C0081FF19 /* ProductsListTypes.swift in Sources */,
			);
			runOnlyForDeploymentPostprocessing = 0;
		};
		34FDAABA2CAC617A0081FF19 /* Sources */ = {
			isa = PBXSourcesBuildPhase;
			buildActionMask = 2147483647;
			files = (
				34FDAAC32CAC617A0081FF19 /* walmart_cashiTests.swift in Sources */,
			);
			runOnlyForDeploymentPostprocessing = 0;
		};
		34FDAAC42CAC617A0081FF19 /* Sources */ = {
			isa = PBXSourcesBuildPhase;
			buildActionMask = 2147483647;
			files = (
				34FDAACF2CAC617A0081FF19 /* walmart_cashiUITestsLaunchTests.swift in Sources */,
				34FDAACD2CAC617A0081FF19 /* walmart_cashiUITests.swift in Sources */,
			);
			runOnlyForDeploymentPostprocessing = 0;
		};
/* End PBXSourcesBuildPhase section */

/* Begin PBXTargetDependency section */
		34FDAAC02CAC617A0081FF19 /* PBXTargetDependency */ = {
			isa = PBXTargetDependency;
			target = 34FDAAA42CAC61780081FF19 /* walmart cashi */;
			targetProxy = 34FDAABF2CAC617A0081FF19 /* PBXContainerItemProxy */;
		};
		34FDAACA2CAC617A0081FF19 /* PBXTargetDependency */ = {
			isa = PBXTargetDependency;
			target = 34FDAAA42CAC61780081FF19 /* walmart cashi */;
			targetProxy = 34FDAAC92CAC617A0081FF19 /* PBXContainerItemProxy */;
		};
/* End PBXTargetDependency section */

/* Begin PBXVariantGroup section */
		34FDAAB62CAC617A0081FF19 /* LaunchScreen.storyboard */ = {
			isa = PBXVariantGroup;
			children = (
				34FDAAB72CAC617A0081FF19 /* Base */,
			);
			name = LaunchScreen.storyboard;
			sourceTree = "<group>";
		};
/* End PBXVariantGroup section */

/* Begin XCBuildConfiguration section */
		34FDAAD02CAC617A0081FF19 /* Debug */ = {
			isa = XCBuildConfiguration;
			buildSettings = {
				ALWAYS_SEARCH_USER_PATHS = NO;
				ASSETCATALOG_COMPILER_GENERATE_SWIFT_ASSET_SYMBOL_EXTENSIONS = YES;
				CLANG_ANALYZER_NONNULL = YES;
				CLANG_ANALYZER_NUMBER_OBJECT_CONVERSION = YES_AGGRESSIVE;
				CLANG_CXX_LANGUAGE_STANDARD = "gnu++20";
				CLANG_ENABLE_MODULES = YES;
				CLANG_ENABLE_OBJC_ARC = YES;
				CLANG_ENABLE_OBJC_WEAK = YES;
				CLANG_WARN_BLOCK_CAPTURE_AUTORELEASING = YES;
				CLANG_WARN_BOOL_CONVERSION = YES;
				CLANG_WARN_COMMA = YES;
				CLANG_WARN_CONSTANT_CONVERSION = YES;
				CLANG_WARN_DEPRECATED_OBJC_IMPLEMENTATIONS = YES;
				CLANG_WARN_DIRECT_OBJC_ISA_USAGE = YES_ERROR;
				CLANG_WARN_DOCUMENTATION_COMMENTS = YES;
				CLANG_WARN_EMPTY_BODY = YES;
				CLANG_WARN_ENUM_CONVERSION = YES;
				CLANG_WARN_INFINITE_RECURSION = YES;
				CLANG_WARN_INT_CONVERSION = YES;
				CLANG_WARN_NON_LITERAL_NULL_CONVERSION = YES;
				CLANG_WARN_OBJC_IMPLICIT_RETAIN_SELF = YES;
				CLANG_WARN_OBJC_LITERAL_CONVERSION = YES;
				CLANG_WARN_OBJC_ROOT_CLASS = YES_ERROR;
				CLANG_WARN_QUOTED_INCLUDE_IN_FRAMEWORK_HEADER = YES;
				CLANG_WARN_RANGE_LOOP_ANALYSIS = YES;
				CLANG_WARN_STRICT_PROTOTYPES = YES;
				CLANG_WARN_SUSPICIOUS_MOVE = YES;
				CLANG_WARN_UNGUARDED_AVAILABILITY = YES_AGGRESSIVE;
				CLANG_WARN_UNREACHABLE_CODE = YES;
				CLANG_WARN__DUPLICATE_METHOD_MATCH = YES;
				COPY_PHASE_STRIP = NO;
				DEBUG_INFORMATION_FORMAT = dwarf;
				ENABLE_STRICT_OBJC_MSGSEND = YES;
				ENABLE_TESTABILITY = YES;
				ENABLE_USER_SCRIPT_SANDBOXING = YES;
				GCC_C_LANGUAGE_STANDARD = gnu17;
				GCC_DYNAMIC_NO_PIC = NO;
				GCC_NO_COMMON_BLOCKS = YES;
				GCC_OPTIMIZATION_LEVEL = 0;
				GCC_PREPROCESSOR_DEFINITIONS = (
					"DEBUG=1",
					"$(inherited)",
				);
				GCC_WARN_64_TO_32_BIT_CONVERSION = YES;
				GCC_WARN_ABOUT_RETURN_TYPE = YES_ERROR;
				GCC_WARN_UNDECLARED_SELECTOR = YES;
				GCC_WARN_UNINITIALIZED_AUTOS = YES_AGGRESSIVE;
				GCC_WARN_UNUSED_FUNCTION = YES;
				GCC_WARN_UNUSED_VARIABLE = YES;
				IPHONEOS_DEPLOYMENT_TARGET = 17.5;
				LOCALIZATION_PREFERS_STRING_CATALOGS = YES;
				MTL_ENABLE_DEBUG_INFO = INCLUDE_SOURCE;
				MTL_FAST_MATH = YES;
				ONLY_ACTIVE_ARCH = YES;
				SDKROOT = iphoneos;
				SWIFT_ACTIVE_COMPILATION_CONDITIONS = "DEBUG $(inherited)";
				SWIFT_OPTIMIZATION_LEVEL = "-Onone";
			};
			name = Debug;
		};
		34FDAAD12CAC617A0081FF19 /* Release */ = {
			isa = XCBuildConfiguration;
			buildSettings = {
				ALWAYS_SEARCH_USER_PATHS = NO;
				ASSETCATALOG_COMPILER_GENERATE_SWIFT_ASSET_SYMBOL_EXTENSIONS = YES;
				CLANG_ANALYZER_NONNULL = YES;
				CLANG_ANALYZER_NUMBER_OBJECT_CONVERSION = YES_AGGRESSIVE;
				CLANG_CXX_LANGUAGE_STANDARD = "gnu++20";
				CLANG_ENABLE_MODULES = YES;
				CLANG_ENABLE_OBJC_ARC = YES;
				CLANG_ENABLE_OBJC_WEAK = YES;
				CLANG_WARN_BLOCK_CAPTURE_AUTORELEASING = YES;
				CLANG_WARN_BOOL_CONVERSION = YES;
				CLANG_WARN_COMMA = YES;
				CLANG_WARN_CONSTANT_CONVERSION = YES;
				CLANG_WARN_DEPRECATED_OBJC_IMPLEMENTATIONS = YES;
				CLANG_WARN_DIRECT_OBJC_ISA_USAGE = YES_ERROR;
				CLANG_WARN_DOCUMENTATION_COMMENTS = YES;
				CLANG_WARN_EMPTY_BODY = YES;
				CLANG_WARN_ENUM_CONVERSION = YES;
				CLANG_WARN_INFINITE_RECURSION = YES;
				CLANG_WARN_INT_CONVERSION = YES;
				CLANG_WARN_NON_LITERAL_NULL_CONVERSION = YES;
				CLANG_WARN_OBJC_IMPLICIT_RETAIN_SELF = YES;
				CLANG_WARN_OBJC_LITERAL_CONVERSION = YES;
				CLANG_WARN_OBJC_ROOT_CLASS = YES_ERROR;
				CLANG_WARN_QUOTED_INCLUDE_IN_FRAMEWORK_HEADER = YES;
				CLANG_WARN_RANGE_LOOP_ANALYSIS = YES;
				CLANG_WARN_STRICT_PROTOTYPES = YES;
				CLANG_WARN_SUSPICIOUS_MOVE = YES;
				CLANG_WARN_UNGUARDED_AVAILABILITY = YES_AGGRESSIVE;
				CLANG_WARN_UNREACHABLE_CODE = YES;
				CLANG_WARN__DUPLICATE_METHOD_MATCH = YES;
				COPY_PHASE_STRIP = NO;
				DEBUG_INFORMATION_FORMAT = "dwarf-with-dsym";
				ENABLE_NS_ASSERTIONS = NO;
				ENABLE_STRICT_OBJC_MSGSEND = YES;
				ENABLE_USER_SCRIPT_SANDBOXING = YES;
				GCC_C_LANGUAGE_STANDARD = gnu17;
				GCC_NO_COMMON_BLOCKS = YES;
				GCC_WARN_64_TO_32_BIT_CONVERSION = YES;
				GCC_WARN_ABOUT_RETURN_TYPE = YES_ERROR;
				GCC_WARN_UNDECLARED_SELECTOR = YES;
				GCC_WARN_UNINITIALIZED_AUTOS = YES_AGGRESSIVE;
				GCC_WARN_UNUSED_FUNCTION = YES;
				GCC_WARN_UNUSED_VARIABLE = YES;
				IPHONEOS_DEPLOYMENT_TARGET = 17.5;
				LOCALIZATION_PREFERS_STRING_CATALOGS = YES;
				MTL_ENABLE_DEBUG_INFO = NO;
				MTL_FAST_MATH = YES;
				SDKROOT = iphoneos;
				SWIFT_COMPILATION_MODE = wholemodule;
				VALIDATE_PRODUCT = YES;
			};
			name = Release;
		};
		34FDAAD32CAC617A0081FF19 /* Debug */ = {
			isa = XCBuildConfiguration;
			buildSettings = {
				ASSETCATALOG_COMPILER_APPICON_NAME = AppIcon;
				ASSETCATALOG_COMPILER_GLOBAL_ACCENT_COLOR_NAME = AccentColor;
				CODE_SIGN_STYLE = Automatic;
				CURRENT_PROJECT_VERSION = 1;
				GENERATE_INFOPLIST_FILE = YES;
				INFOPLIST_FILE = "walmart cashi/Info.plist";
				INFOPLIST_KEY_UIApplicationSupportsIndirectInputEvents = YES;
				INFOPLIST_KEY_UILaunchStoryboardName = LaunchScreen;
				INFOPLIST_KEY_UISupportedInterfaceOrientations = UIInterfaceOrientationPortrait;
				INFOPLIST_KEY_UISupportedInterfaceOrientations_iPad = "UIInterfaceOrientationLandscapeLeft UIInterfaceOrientationLandscapeRight UIInterfaceOrientationPortrait UIInterfaceOrientationPortraitUpsideDown";
				LD_RUNPATH_SEARCH_PATHS = (
					"$(inherited)",
					"@executable_path/Frameworks",
				);
				MARKETING_VERSION = 1.0;
				PRODUCT_BUNDLE_IDENTIFIER = "com.pedroromero.walmart-cashi";
				PRODUCT_NAME = "$(TARGET_NAME)";
				SUPPORTED_PLATFORMS = "iphoneos iphonesimulator";
				SUPPORTS_MACCATALYST = NO;
				SUPPORTS_MAC_DESIGNED_FOR_IPHONE_IPAD = NO;
				SUPPORTS_XR_DESIGNED_FOR_IPHONE_IPAD = NO;
				SWIFT_EMIT_LOC_STRINGS = YES;
				SWIFT_VERSION = 5.0;
				TARGETED_DEVICE_FAMILY = 1;
			};
			name = Debug;
		};
		34FDAAD42CAC617A0081FF19 /* Release */ = {
			isa = XCBuildConfiguration;
			buildSettings = {
				ASSETCATALOG_COMPILER_APPICON_NAME = AppIcon;
				ASSETCATALOG_COMPILER_GLOBAL_ACCENT_COLOR_NAME = AccentColor;
				CODE_SIGN_STYLE = Automatic;
				CURRENT_PROJECT_VERSION = 1;
				GENERATE_INFOPLIST_FILE = YES;
				INFOPLIST_FILE = "walmart cashi/Info.plist";
				INFOPLIST_KEY_UIApplicationSupportsIndirectInputEvents = YES;
				INFOPLIST_KEY_UILaunchStoryboardName = LaunchScreen;
				INFOPLIST_KEY_UISupportedInterfaceOrientations = UIInterfaceOrientationPortrait;
				INFOPLIST_KEY_UISupportedInterfaceOrientations_iPad = "UIInterfaceOrientationLandscapeLeft UIInterfaceOrientationLandscapeRight UIInterfaceOrientationPortrait UIInterfaceOrientationPortraitUpsideDown";
				LD_RUNPATH_SEARCH_PATHS = (
					"$(inherited)",
					"@executable_path/Frameworks",
				);
				MARKETING_VERSION = 1.0;
				PRODUCT_BUNDLE_IDENTIFIER = "com.pedroromero.walmart-cashi";
				PRODUCT_NAME = "$(TARGET_NAME)";
				SUPPORTED_PLATFORMS = "iphoneos iphonesimulator";
				SUPPORTS_MACCATALYST = NO;
				SUPPORTS_MAC_DESIGNED_FOR_IPHONE_IPAD = NO;
				SUPPORTS_XR_DESIGNED_FOR_IPHONE_IPAD = NO;
				SWIFT_EMIT_LOC_STRINGS = YES;
				SWIFT_VERSION = 5.0;
				TARGETED_DEVICE_FAMILY = 1;
			};
			name = Release;
		};
		34FDAAD62CAC617A0081FF19 /* Debug */ = {
			isa = XCBuildConfiguration;
			buildSettings = {
				ALWAYS_EMBED_SWIFT_STANDARD_LIBRARIES = YES;
				BUNDLE_LOADER = "$(TEST_HOST)";
				CODE_SIGN_STYLE = Automatic;
				CURRENT_PROJECT_VERSION = 1;
				GENERATE_INFOPLIST_FILE = YES;
				IPHONEOS_DEPLOYMENT_TARGET = 17.5;
				MARKETING_VERSION = 1.0;
				PRODUCT_BUNDLE_IDENTIFIER = "com.pedroromero.walmart-cashiTests";
				PRODUCT_NAME = "$(TARGET_NAME)";
				SWIFT_EMIT_LOC_STRINGS = NO;
				SWIFT_VERSION = 5.0;
				TARGETED_DEVICE_FAMILY = "1,2";
				TEST_HOST = "$(BUILT_PRODUCTS_DIR)/walmart cashi.app/$(BUNDLE_EXECUTABLE_FOLDER_PATH)/walmart cashi";
			};
			name = Debug;
		};
		34FDAAD72CAC617A0081FF19 /* Release */ = {
			isa = XCBuildConfiguration;
			buildSettings = {
				ALWAYS_EMBED_SWIFT_STANDARD_LIBRARIES = YES;
				BUNDLE_LOADER = "$(TEST_HOST)";
				CODE_SIGN_STYLE = Automatic;
				CURRENT_PROJECT_VERSION = 1;
				GENERATE_INFOPLIST_FILE = YES;
				IPHONEOS_DEPLOYMENT_TARGET = 17.5;
				MARKETING_VERSION = 1.0;
				PRODUCT_BUNDLE_IDENTIFIER = "com.pedroromero.walmart-cashiTests";
				PRODUCT_NAME = "$(TARGET_NAME)";
				SWIFT_EMIT_LOC_STRINGS = NO;
				SWIFT_VERSION = 5.0;
				TARGETED_DEVICE_FAMILY = "1,2";
				TEST_HOST = "$(BUILT_PRODUCTS_DIR)/walmart cashi.app/$(BUNDLE_EXECUTABLE_FOLDER_PATH)/walmart cashi";
			};
			name = Release;
		};
		34FDAAD92CAC617A0081FF19 /* Debug */ = {
			isa = XCBuildConfiguration;
			buildSettings = {
				ALWAYS_EMBED_SWIFT_STANDARD_LIBRARIES = YES;
				CODE_SIGN_STYLE = Automatic;
				CURRENT_PROJECT_VERSION = 1;
				GENERATE_INFOPLIST_FILE = YES;
				MARKETING_VERSION = 1.0;
				PRODUCT_BUNDLE_IDENTIFIER = "com.pedroromero.walmart-cashiUITests";
				PRODUCT_NAME = "$(TARGET_NAME)";
				SWIFT_EMIT_LOC_STRINGS = NO;
				SWIFT_VERSION = 5.0;
				TARGETED_DEVICE_FAMILY = "1,2";
				TEST_TARGET_NAME = "walmart cashi";
			};
			name = Debug;
		};
		34FDAADA2CAC617A0081FF19 /* Release */ = {
			isa = XCBuildConfiguration;
			buildSettings = {
				ALWAYS_EMBED_SWIFT_STANDARD_LIBRARIES = YES;
				CODE_SIGN_STYLE = Automatic;
				CURRENT_PROJECT_VERSION = 1;
				GENERATE_INFOPLIST_FILE = YES;
				MARKETING_VERSION = 1.0;
				PRODUCT_BUNDLE_IDENTIFIER = "com.pedroromero.walmart-cashiUITests";
				PRODUCT_NAME = "$(TARGET_NAME)";
				SWIFT_EMIT_LOC_STRINGS = NO;
				SWIFT_VERSION = 5.0;
				TARGETED_DEVICE_FAMILY = "1,2";
				TEST_TARGET_NAME = "walmart cashi";
			};
			name = Release;
		};
/* End XCBuildConfiguration section */

/* Begin XCConfigurationList section */
		34FDAAA02CAC61780081FF19 /* Build configuration list for PBXProject "walmart cashi" */ = {
			isa = XCConfigurationList;
			buildConfigurations = (
				34FDAAD02CAC617A0081FF19 /* Debug */,
				34FDAAD12CAC617A0081FF19 /* Release */,
			);
			defaultConfigurationIsVisible = 0;
			defaultConfigurationName = Release;
		};
		34FDAAD22CAC617A0081FF19 /* Build configuration list for PBXNativeTarget "walmart cashi" */ = {
			isa = XCConfigurationList;
			buildConfigurations = (
				34FDAAD32CAC617A0081FF19 /* Debug */,
				34FDAAD42CAC617A0081FF19 /* Release */,
			);
			defaultConfigurationIsVisible = 0;
			defaultConfigurationName = Release;
		};
		34FDAAD52CAC617A0081FF19 /* Build configuration list for PBXNativeTarget "walmart cashiTests" */ = {
			isa = XCConfigurationList;
			buildConfigurations = (
				34FDAAD62CAC617A0081FF19 /* Debug */,
				34FDAAD72CAC617A0081FF19 /* Release */,
			);
			defaultConfigurationIsVisible = 0;
			defaultConfigurationName = Release;
		};
		34FDAAD82CAC617A0081FF19 /* Build configuration list for PBXNativeTarget "walmart cashiUITests" */ = {
			isa = XCConfigurationList;
			buildConfigurations = (
				34FDAAD92CAC617A0081FF19 /* Debug */,
				34FDAADA2CAC617A0081FF19 /* Release */,
			);
			defaultConfigurationIsVisible = 0;
			defaultConfigurationName = Release;
		};
/* End XCConfigurationList section */

/* Begin XCVersionGroup section */
		34FDAAB12CAC61780081FF19 /* walmart_cashi.xcdatamodeld */ = {
			isa = XCVersionGroup;
			children = (
				34FDAAB22CAC61780081FF19 /* walmart_cashi.xcdatamodel */,
			);
			currentVersion = 34FDAAB22CAC61780081FF19 /* walmart_cashi.xcdatamodel */;
			path = walmart_cashi.xcdatamodeld;
			sourceTree = "<group>";
			versionGroupType = wrapper.xcdatamodel;
		};
/* End XCVersionGroup section */
	};
	rootObject = 34FDAA9D2CAC61780081FF19 /* Project object */;
}
